// !$*UTF8*$!
{
	archiveVersion = 1;
	classes = {
	};
	objectVersion = 46;
	objects = {

/* Begin PBXBuildFile section */
		BF28AA0519B44BB600A8EC85 /* Card.m in Sources */ = {isa = PBXBuildFile; fileRef = BF28AA0419B44BB600A8EC85 /* Card.m */; };
		BF28AA0819B44F3700A8EC85 /* Deck.m in Sources */ = {isa = PBXBuildFile; fileRef = BF28AA0719B44F3700A8EC85 /* Deck.m */; };
		BF28AA0B19B452B900A8EC85 /* PlayingCard.m in Sources */ = {isa = PBXBuildFile; fileRef = BF28AA0A19B452B900A8EC85 /* PlayingCard.m */; };
		BF28AA0E19B4565500A8EC85 /* PlayingCardDeck.m in Sources */ = {isa = PBXBuildFile; fileRef = BF28AA0D19B4565500A8EC85 /* PlayingCardDeck.m */; };
		BF8C9D5B19B3FCA2005C9222 /* Images.xcassets in Resources */ = {isa = PBXBuildFile; fileRef = BF8C9D5A19B3FCA2005C9222 /* Images.xcassets */; };
		BFA4B31C19B3F6FC005CEC98 /* Foundation.framework in Frameworks */ = {isa = PBXBuildFile; fileRef = BFA4B31B19B3F6FC005CEC98 /* Foundation.framework */; };
		BFA4B31E19B3F6FC005CEC98 /* CoreGraphics.framework in Frameworks */ = {isa = PBXBuildFile; fileRef = BFA4B31D19B3F6FC005CEC98 /* CoreGraphics.framework */; };
		BFA4B32019B3F6FC005CEC98 /* UIKit.framework in Frameworks */ = {isa = PBXBuildFile; fileRef = BFA4B31F19B3F6FC005CEC98 /* UIKit.framework */; };
		BFA4B32619B3F6FC005CEC98 /* InfoPlist.strings in Resources */ = {isa = PBXBuildFile; fileRef = BFA4B32419B3F6FC005CEC98 /* InfoPlist.strings */; };
		BFA4B32819B3F6FC005CEC98 /* main.m in Sources */ = {isa = PBXBuildFile; fileRef = BFA4B32719B3F6FC005CEC98 /* main.m */; };
		BFA4B32C19B3F6FC005CEC98 /* AppDelegate.m in Sources */ = {isa = PBXBuildFile; fileRef = BFA4B32B19B3F6FC005CEC98 /* AppDelegate.m */; };
		BFA4B32F19B3F6FC005CEC98 /* Main_iPhone.storyboard in Resources */ = {isa = PBXBuildFile; fileRef = BFA4B32D19B3F6FC005CEC98 /* Main_iPhone.storyboard */; };
		BFA4B33519B3F6FC005CEC98 /* ViewController.m in Sources */ = {isa = PBXBuildFile; fileRef = BFA4B33419B3F6FC005CEC98 /* ViewController.m */; };
		BFA4B33E19B3F6FC005CEC98 /* XCTest.framework in Frameworks */ = {isa = PBXBuildFile; fileRef = BFA4B33D19B3F6FC005CEC98 /* XCTest.framework */; };
		BFA4B33F19B3F6FC005CEC98 /* Foundation.framework in Frameworks */ = {isa = PBXBuildFile; fileRef = BFA4B31B19B3F6FC005CEC98 /* Foundation.framework */; };
		BFA4B34019B3F6FC005CEC98 /* UIKit.framework in Frameworks */ = {isa = PBXBuildFile; fileRef = BFA4B31F19B3F6FC005CEC98 /* UIKit.framework */; };
		BFA4B34819B3F6FC005CEC98 /* InfoPlist.strings in Resources */ = {isa = PBXBuildFile; fileRef = BFA4B34619B3F6FC005CEC98 /* InfoPlist.strings */; };
		BFA4B34A19B3F6FC005CEC98 /* CardGameTests.m in Sources */ = {isa = PBXBuildFile; fileRef = BFA4B34919B3F6FC005CEC98 /* CardGameTests.m */; };
/* End PBXBuildFile section */

/* Begin PBXContainerItemProxy section */
		BFA4B34119B3F6FC005CEC98 /* PBXContainerItemProxy */ = {
			isa = PBXContainerItemProxy;
			containerPortal = BFA4B31019B3F6FC005CEC98 /* Project object */;
			proxyType = 1;
			remoteGlobalIDString = BFA4B31719B3F6FC005CEC98;
			remoteInfo = CardGame;
		};
/* End PBXContainerItemProxy section */

/* Begin PBXFileReference section */
		BF28AA0319B44BB600A8EC85 /* Card.h */ = {isa = PBXFileReference; fileEncoding = 4; lastKnownFileType = sourcecode.c.h; path = Card.h; sourceTree = "<group>"; };
		BF28AA0419B44BB600A8EC85 /* Card.m */ = {isa = PBXFileReference; fileEncoding = 4; lastKnownFileType = sourcecode.c.objc; path = Card.m; sourceTree = "<group>"; };
		BF28AA0619B44F3700A8EC85 /* Deck.h */ = {isa = PBXFileReference; fileEncoding = 4; lastKnownFileType = sourcecode.c.h; path = Deck.h; sourceTree = "<group>"; };
		BF28AA0719B44F3700A8EC85 /* Deck.m */ = {isa = PBXFileReference; fileEncoding = 4; lastKnownFileType = sourcecode.c.objc; path = Deck.m; sourceTree = "<group>"; };
		BF28AA0919B452B900A8EC85 /* PlayingCard.h */ = {isa = PBXFileReference; fileEncoding = 4; lastKnownFileType = sourcecode.c.h; path = PlayingCard.h; sourceTree = "<group>"; };
		BF28AA0A19B452B900A8EC85 /* PlayingCard.m */ = {isa = PBXFileReference; fileEncoding = 4; lastKnownFileType = sourcecode.c.objc; path = PlayingCard.m; sourceTree = "<group>"; };
		BF28AA0C19B4565500A8EC85 /* PlayingCardDeck.h */ = {isa = PBXFileReference; fileEncoding = 4; lastKnownFileType = sourcecode.c.h; path = PlayingCardDeck.h; sourceTree = "<group>"; };
		BF28AA0D19B4565500A8EC85 /* PlayingCardDeck.m */ = {isa = PBXFileReference; fileEncoding = 4; lastKnownFileType = sourcecode.c.objc; path = PlayingCardDeck.m; sourceTree = "<group>"; };
		BF8C9D5A19B3FCA2005C9222 /* Images.xcassets */ = {isa = PBXFileReference; lastKnownFileType = folder.assetcatalog; path = Images.xcassets; sourceTree = "<group>"; };
		BFA4B31819B3F6FC005CEC98 /* CardGame.app */ = {isa = PBXFileReference; explicitFileType = wrapper.application; includeInIndex = 0; path = CardGame.app; sourceTree = BUILT_PRODUCTS_DIR; };
		BFA4B31B19B3F6FC005CEC98 /* Foundation.framework */ = {isa = PBXFileReference; lastKnownFileType = wrapper.framework; name = Foundation.framework; path = System/Library/Frameworks/Foundation.framework; sourceTree = SDKROOT; };
		BFA4B31D19B3F6FC005CEC98 /* CoreGraphics.framework */ = {isa = PBXFileReference; lastKnownFileType = wrapper.framework; name = CoreGraphics.framework; path = System/Library/Frameworks/CoreGraphics.framework; sourceTree = SDKROOT; };
		BFA4B31F19B3F6FC005CEC98 /* UIKit.framework */ = {isa = PBXFileReference; lastKnownFileType = wrapper.framework; name = UIKit.framework; path = System/Library/Frameworks/UIKit.framework; sourceTree = SDKROOT; };
		BFA4B32319B3F6FC005CEC98 /* CardGame-Info.plist */ = {isa = PBXFileReference; lastKnownFileType = text.plist.xml; path = "CardGame-Info.plist"; sourceTree = "<group>"; };
		BFA4B32519B3F6FC005CEC98 /* en */ = {isa = PBXFileReference; lastKnownFileType = text.plist.strings; name = en; path = en.lproj/InfoPlist.strings; sourceTree = "<group>"; };
		BFA4B32719B3F6FC005CEC98 /* main.m */ = {isa = PBXFileReference; lastKnownFileType = sourcecode.c.objc; path = main.m; sourceTree = "<group>"; };
		BFA4B32919B3F6FC005CEC98 /* CardGame-Prefix.pch */ = {isa = PBXFileReference; lastKnownFileType = sourcecode.c.h; path = "CardGame-Prefix.pch"; sourceTree = "<group>"; };
		BFA4B32A19B3F6FC005CEC98 /* AppDelegate.h */ = {isa = PBXFileReference; lastKnownFileType = sourcecode.c.h; path = AppDelegate.h; sourceTree = "<group>"; };
		BFA4B32B19B3F6FC005CEC98 /* AppDelegate.m */ = {isa = PBXFileReference; lastKnownFileType = sourcecode.c.objc; path = AppDelegate.m; sourceTree = "<group>"; };
		BFA4B32E19B3F6FC005CEC98 /* Base */ = {isa = PBXFileReference; lastKnownFileType = file.storyboard; name = Base; path = Base.lproj/Main_iPhone.storyboard; sourceTree = "<group>"; };
		BFA4B33319B3F6FC005CEC98 /* ViewController.h */ = {isa = PBXFileReference; lastKnownFileType = sourcecode.c.h; path = ViewController.h; sourceTree = "<group>"; };
		BFA4B33419B3F6FC005CEC98 /* ViewController.m */ = {isa = PBXFileReference; lastKnownFileType = sourcecode.c.objc; path = ViewController.m; sourceTree = "<group>"; };
		BFA4B33C19B3F6FC005CEC98 /* CardGameTests.xctest */ = {isa = PBXFileReference; explicitFileType = wrapper.cfbundle; includeInIndex = 0; path = CardGameTests.xctest; sourceTree = BUILT_PRODUCTS_DIR; };
		BFA4B33D19B3F6FC005CEC98 /* XCTest.framework */ = {isa = PBXFileReference; lastKnownFileType = wrapper.framework; name = XCTest.framework; path = Library/Frameworks/XCTest.framework; sourceTree = DEVELOPER_DIR; };
		BFA4B34519B3F6FC005CEC98 /* CardGameTests-Info.plist */ = {isa = PBXFileReference; lastKnownFileType = text.plist.xml; path = "CardGameTests-Info.plist"; sourceTree = "<group>"; };
		BFA4B34719B3F6FC005CEC98 /* en */ = {isa = PBXFileReference; lastKnownFileType = text.plist.strings; name = en; path = en.lproj/InfoPlist.strings; sourceTree = "<group>"; };
		BFA4B34919B3F6FC005CEC98 /* CardGameTests.m */ = {isa = PBXFileReference; lastKnownFileType = sourcecode.c.objc; path = CardGameTests.m; sourceTree = "<group>"; };
/* End PBXFileReference section */

/* Begin PBXFrameworksBuildPhase section */
		BFA4B31519B3F6FC005CEC98 /* Frameworks */ = {
			isa = PBXFrameworksBuildPhase;
			buildActionMask = 2147483647;
			files = (
				BFA4B31E19B3F6FC005CEC98 /* CoreGraphics.framework in Frameworks */,
				BFA4B32019B3F6FC005CEC98 /* UIKit.framework in Frameworks */,
				BFA4B31C19B3F6FC005CEC98 /* Foundation.framework in Frameworks */,
			);
			runOnlyForDeploymentPostprocessing = 0;
		};
		BFA4B33919B3F6FC005CEC98 /* Frameworks */ = {
			isa = PBXFrameworksBuildPhase;
			buildActionMask = 2147483647;
			files = (
				BFA4B33E19B3F6FC005CEC98 /* XCTest.framework in Frameworks */,
				BFA4B34019B3F6FC005CEC98 /* UIKit.framework in Frameworks */,
				BFA4B33F19B3F6FC005CEC98 /* Foundation.framework in Frameworks */,
			);
			runOnlyForDeploymentPostprocessing = 0;
		};
/* End PBXFrameworksBuildPhase section */

/* Begin PBXGroup section */
		BF28AA0219B44B7B00A8EC85 /* Model */ = {
			isa = PBXGroup;
			children = (
				BF28AA0319B44BB600A8EC85 /* Card.h */,
				BF28AA0419B44BB600A8EC85 /* Card.m */,
				BF28AA0619B44F3700A8EC85 /* Deck.h */,
				BF28AA0719B44F3700A8EC85 /* Deck.m */,
				BF28AA0919B452B900A8EC85 /* PlayingCard.h */,
				BF28AA0A19B452B900A8EC85 /* PlayingCard.m */,
				BF28AA0C19B4565500A8EC85 /* PlayingCardDeck.h */,
				BF28AA0D19B4565500A8EC85 /* PlayingCardDeck.m */,
			);
			path = Model;
			sourceTree = "<group>";
		};
		BFA4B30F19B3F6FC005CEC98 = {
			isa = PBXGroup;
			children = (
				BFA4B32119B3F6FC005CEC98 /* CardGame */,
				BFA4B34319B3F6FC005CEC98 /* CardGameTests */,
				BFA4B31A19B3F6FC005CEC98 /* Frameworks */,
				BFA4B31919B3F6FC005CEC98 /* Products */,
			);
			sourceTree = "<group>";
		};
		BFA4B31919B3F6FC005CEC98 /* Products */ = {
			isa = PBXGroup;
			children = (
				BFA4B31819B3F6FC005CEC98 /* CardGame.app */,
				BFA4B33C19B3F6FC005CEC98 /* CardGameTests.xctest */,
			);
			name = Products;
			sourceTree = "<group>";
		};
		BFA4B31A19B3F6FC005CEC98 /* Frameworks */ = {
			isa = PBXGroup;
			children = (
				BFA4B31B19B3F6FC005CEC98 /* Foundation.framework */,
				BFA4B31D19B3F6FC005CEC98 /* CoreGraphics.framework */,
				BFA4B31F19B3F6FC005CEC98 /* UIKit.framework */,
				BFA4B33D19B3F6FC005CEC98 /* XCTest.framework */,
			);
			name = Frameworks;
			sourceTree = "<group>";
		};
		BFA4B32119B3F6FC005CEC98 /* CardGame */ = {
			isa = PBXGroup;
			children = (
				BFA4B32D19B3F6FC005CEC98 /* Main_iPhone.storyboard */,
				BFA4B33319B3F6FC005CEC98 /* ViewController.h */,
				BFA4B33419B3F6FC005CEC98 /* ViewController.m */,
				BF8C9D5A19B3FCA2005C9222 /* Images.xcassets */,
				BF28AA0219B44B7B00A8EC85 /* Model */,
				BFA4B32219B3F6FC005CEC98 /* Supporting Files */,
			);
			path = CardGame;
			sourceTree = "<group>";
		};
		BFA4B32219B3F6FC005CEC98 /* Supporting Files */ = {
			isa = PBXGroup;
			children = (
				BFA4B32A19B3F6FC005CEC98 /* AppDelegate.h */,
				BFA4B32B19B3F6FC005CEC98 /* AppDelegate.m */,
				BFA4B32319B3F6FC005CEC98 /* CardGame-Info.plist */,
				BFA4B32419B3F6FC005CEC98 /* InfoPlist.strings */,
				BFA4B32719B3F6FC005CEC98 /* main.m */,
				BFA4B32919B3F6FC005CEC98 /* CardGame-Prefix.pch */,
			);
			name = "Supporting Files";
			sourceTree = "<group>";
		};
		BFA4B34319B3F6FC005CEC98 /* CardGameTests */ = {
			isa = PBXGroup;
			children = (
				BFA4B34919B3F6FC005CEC98 /* CardGameTests.m */,
				BFA4B34419B3F6FC005CEC98 /* Supporting Files */,
			);
			path = CardGameTests;
			sourceTree = "<group>";
		};
		BFA4B34419B3F6FC005CEC98 /* Supporting Files */ = {
			isa = PBXGroup;
			children = (
				BFA4B34519B3F6FC005CEC98 /* CardGameTests-Info.plist */,
				BFA4B34619B3F6FC005CEC98 /* InfoPlist.strings */,
			);
			name = "Supporting Files";
			sourceTree = "<group>";
		};
/* End PBXGroup section */

/* Begin PBXNativeTarget section */
		BFA4B31719B3F6FC005CEC98 /* CardGame */ = {
			isa = PBXNativeTarget;
			buildConfigurationList = BFA4B34D19B3F6FC005CEC98 /* Build configuration list for PBXNativeTarget "CardGame" */;
			buildPhases = (
				BFA4B31419B3F6FC005CEC98 /* Sources */,
				BFA4B31519B3F6FC005CEC98 /* Frameworks */,
				BFA4B31619B3F6FC005CEC98 /* Resources */,
			);
			buildRules = (
			);
			dependencies = (
			);
			name = CardGame;
			productName = CardGame;
			productReference = BFA4B31819B3F6FC005CEC98 /* CardGame.app */;
			productType = "com.apple.product-type.application";
		};
		BFA4B33B19B3F6FC005CEC98 /* CardGameTests */ = {
			isa = PBXNativeTarget;
			buildConfigurationList = BFA4B35019B3F6FC005CEC98 /* Build configuration list for PBXNativeTarget "CardGameTests" */;
			buildPhases = (
				BFA4B33819B3F6FC005CEC98 /* Sources */,
				BFA4B33919B3F6FC005CEC98 /* Frameworks */,
				BFA4B33A19B3F6FC005CEC98 /* Resources */,
			);
			buildRules = (
			);
			dependencies = (
				BFA4B34219B3F6FC005CEC98 /* PBXTargetDependency */,
			);
			name = CardGameTests;
			productName = CardGameTests;
			productReference = BFA4B33C19B3F6FC005CEC98 /* CardGameTests.xctest */;
			productType = "com.apple.product-type.bundle.unit-test";
		};
/* End PBXNativeTarget section */

/* Begin PBXProject section */
		BFA4B31019B3F6FC005CEC98 /* Project object */ = {
			isa = PBXProject;
			attributes = {
				LastUpgradeCheck = 0510;
				ORGANIZATIONNAME = Louis;
				TargetAttributes = {
					BFA4B33B19B3F6FC005CEC98 = {
						TestTargetID = BFA4B31719B3F6FC005CEC98;
					};
				};
			};
			buildConfigurationList = BFA4B31319B3F6FC005CEC98 /* Build configuration list for PBXProject "CardGame" */;
			compatibilityVersion = "Xcode 3.2";
			developmentRegion = English;
			hasScannedForEncodings = 0;
			knownRegions = (
				en,
				Base,
			);
			mainGroup = BFA4B30F19B3F6FC005CEC98;
			productRefGroup = BFA4B31919B3F6FC005CEC98 /* Products */;
			projectDirPath = "";
			projectRoot = "";
			targets = (
				BFA4B31719B3F6FC005CEC98 /* CardGame */,
				BFA4B33B19B3F6FC005CEC98 /* CardGameTests */,
			);
		};
/* End PBXProject section */

/* Begin PBXResourcesBuildPhase section */
		BFA4B31619B3F6FC005CEC98 /* Resources */ = {
			isa = PBXResourcesBuildPhase;
			buildActionMask = 2147483647;
			files = (
				BF8C9D5B19B3FCA2005C9222 /* Images.xcassets in Resources */,
				BFA4B32F19B3F6FC005CEC98 /* Main_iPhone.storyboard in Resources */,
				BFA4B32619B3F6FC005CEC98 /* InfoPlist.strings in Resources */,
			);
			runOnlyForDeploymentPostprocessing = 0;
		};
		BFA4B33A19B3F6FC005CEC98 /* Resources */ = {
			isa = PBXResourcesBuildPhase;
			buildActionMask = 2147483647;
			files = (
				BFA4B34819B3F6FC005CEC98 /* InfoPlist.strings in Resources */,
			);
			runOnlyForDeploymentPostprocessing = 0;
		};
/* End PBXResourcesBuildPhase section */

/* Begin PBXSourcesBuildPhase section */
		BFA4B31419B3F6FC005CEC98 /* Sources */ = {
			isa = PBXSourcesBuildPhase;
			buildActionMask = 2147483647;
			files = (
				BF28AA0B19B452B900A8EC85 /* PlayingCard.m in Sources */,
				BF28AA0819B44F3700A8EC85 /* Deck.m in Sources */,
				BFA4B33519B3F6FC005CEC98 /* ViewController.m in Sources */,
				BFA4B32C19B3F6FC005CEC98 /* AppDelegate.m in Sources */,
				BF28AA0E19B4565500A8EC85 /* PlayingCardDeck.m in Sources */,
				BFA4B32819B3F6FC005CEC98 /* main.m in Sources */,
				BF28AA0519B44BB600A8EC85 /* Card.m in Sources */,
			);
			runOnlyForDeploymentPostprocessing = 0;
		};
		BFA4B33819B3F6FC005CEC98 /* Sources */ = {
			isa = PBXSourcesBuildPhase;
			buildActionMask = 2147483647;
			files = (
				BFA4B34A19B3F6FC005CEC98 /* CardGameTests.m in Sources */,
			);
			runOnlyForDeploymentPostprocessing = 0;
		};
/* End PBXSourcesBuildPhase section */

/* Begin PBXTargetDependency section */
		BFA4B34219B3F6FC005CEC98 /* PBXTargetDependency */ = {
			isa = PBXTargetDependency;
			target = BFA4B31719B3F6FC005CEC98 /* CardGame */;
			targetProxy = BFA4B34119B3F6FC005CEC98 /* PBXContainerItemProxy */;
		};
/* End PBXTargetDependency section */

/* Begin PBXVariantGroup section */
		BFA4B32419B3F6FC005CEC98 /* InfoPlist.strings */ = {
			isa = PBXVariantGroup;
			children = (
				BFA4B32519B3F6FC005CEC98 /* en */,
			);
			name = InfoPlist.strings;
			sourceTree = "<group>";
		};
		BFA4B32D19B3F6FC005CEC98 /* Main_iPhone.storyboard */ = {
			isa = PBXVariantGroup;
			children = (
				BFA4B32E19B3F6FC005CEC98 /* Base */,
			);
			name = Main_iPhone.storyboard;
			sourceTree = "<group>";
		};
		BFA4B34619B3F6FC005CEC98 /* InfoPlist.strings */ = {
			isa = PBXVariantGroup;
			children = (
				BFA4B34719B3F6FC005CEC98 /* en */,
			);
			name = InfoPlist.strings;
			sourceTree = "<group>";
		};
/* End PBXVariantGroup section */

/* Begin XCBuildConfiguration section */
		BFA4B34B19B3F6FC005CEC98 /* Debug */ = {
			isa = XCBuildConfiguration;
			buildSettings = {
				ALWAYS_SEARCH_USER_PATHS = NO;
				CLANG_CXX_LANGUAGE_STANDARD = "gnu++0x";
				CLANG_CXX_LIBRARY = "libc++";
				CLANG_ENABLE_MODULES = YES;
				CLANG_ENABLE_OBJC_ARC = YES;
				CLANG_WARN_BOOL_CONVERSION = YES;
				CLANG_WARN_CONSTANT_CONVERSION = YES;
				CLANG_WARN_DIRECT_OBJC_ISA_USAGE = YES_ERROR;
				CLANG_WARN_EMPTY_BODY = YES;
				CLANG_WARN_ENUM_CONVERSION = YES;
				CLANG_WARN_INT_CONVERSION = YES;
				CLANG_WARN_OBJC_ROOT_CLASS = YES_ERROR;
				CLANG_WARN__DUPLICATE_METHOD_MATCH = YES;
				"CODE_SIGN_IDENTITY[sdk=iphoneos*]" = "iPhone Developer";
				COPY_PHASE_STRIP = NO;
				GCC_C_LANGUAGE_STANDARD = gnu99;
				GCC_DYNAMIC_NO_PIC = NO;
				GCC_OPTIMIZATION_LEVEL = 0;
				GCC_PREPROCESSOR_DEFINITIONS = (
					"DEBUG=1",
					"$(inherited)",
				);
				GCC_SYMBOLS_PRIVATE_EXTERN = NO;
				GCC_WARN_64_TO_32_BIT_CONVERSION = YES;
				GCC_WARN_ABOUT_RETURN_TYPE = YES_ERROR;
				GCC_WARN_UNDECLARED_SELECTOR = YES;
				GCC_WARN_UNINITIALIZED_AUTOS = YES_AGGRESSIVE;
				GCC_WARN_UNUSED_FUNCTION = YES;
				GCC_WARN_UNUSED_VARIABLE = YES;
				IPHONEOS_DEPLOYMENT_TARGET = 7.1;
				ONLY_ACTIVE_ARCH = YES;
				SDKROOT = iphoneos;
				TARGETED_DEVICE_FAMILY = "1,2";
			};
			name = Debug;
		};
		BFA4B34C19B3F6FC005CEC98 /* Release */ = {
			isa = XCBuildConfiguration;
			buildSettings = {
				ALWAYS_SEARCH_USER_PATHS = NO;
				CLANG_CXX_LANGUAGE_STANDARD = "gnu++0x";
				CLANG_CXX_LIBRARY = "libc++";
				CLANG_ENABLE_MODULES = YES;
				CLANG_ENABLE_OBJC_ARC = YES;
				CLANG_WARN_BOOL_CONVERSION = YES;
				CLANG_WARN_CONSTANT_CONVERSION = YES;
				CLANG_WARN_DIRECT_OBJC_ISA_USAGE = YES_ERROR;
				CLANG_WARN_EMPTY_BODY = YES;
				CLANG_WARN_ENUM_CONVERSION = YES;
				CLANG_WARN_INT_CONVERSION = YES;
				CLANG_WARN_OBJC_ROOT_CLASS = YES_ERROR;
				CLANG_WARN__DUPLICATE_METHOD_MATCH = YES;
				"CODE_SIGN_IDENTITY[sdk=iphoneos*]" = "iPhone Developer";
				COPY_PHASE_STRIP = YES;
				ENABLE_NS_ASSERTIONS = NO;
				GCC_C_LANGUAGE_STANDARD = gnu99;
				GCC_WARN_64_TO_32_BIT_CONVERSION = YES;
				GCC_WARN_ABOUT_RETURN_TYPE = YES_ERROR;
				GCC_WARN_UNDECLARED_SELECTOR = YES;
				GCC_WARN_UNINITIALIZED_AUTOS = YES_AGGRESSIVE;
				GCC_WARN_UNUSED_FUNCTION = YES;
				GCC_WARN_UNUSED_VARIABLE = YES;
				IPHONEOS_DEPLOYMENT_TARGET = 7.1;
				SDKROOT = iphoneos;
				TARGETED_DEVICE_FAMILY = "1,2";
				VALIDATE_PRODUCT = YES;
			};
			name = Release;
		};
		BFA4B34E19B3F6FC005CEC98 /* Debug */ = {
			isa = XCBuildConfiguration;
			buildSettings = {
				ASSETCATALOG_COMPILER_APPICON_NAME = AppIcon;
				ASSETCATALOG_COMPILER_LAUNCHIMAGE_NAME = LaunchImage;
				GCC_PRECOMPILE_PREFIX_HEADER = YES;
				GCC_PREFIX_HEADER = "CardGame/CardGame-Prefix.pch";
				INFOPLIST_FILE = "CardGame/CardGame-Info.plist";
				PRODUCT_NAME = "$(TARGET_NAME)";
				WRAPPER_EXTENSION = app;
			};
			name = Debug;
		};
		BFA4B34F19B3F6FC005CEC98 /* Release */ = {
			isa = XCBuildConfiguration;
			buildSettings = {
				ASSETCATALOG_COMPILER_APPICON_NAME = AppIcon;
				ASSETCATALOG_COMPILER_LAUNCHIMAGE_NAME = LaunchImage;
				GCC_PRECOMPILE_PREFIX_HEADER = YES;
				GCC_PREFIX_HEADER = "CardGame/CardGame-Prefix.pch";
				INFOPLIST_FILE = "CardGame/CardGame-Info.plist";
				PRODUCT_NAME = "$(TARGET_NAME)";
				WRAPPER_EXTENSION = app;
			};
			name = Release;
		};
		BFA4B35119B3F6FC005CEC98 /* Debug */ = {
			isa = XCBuildConfiguration;
			buildSettings = {
				BUNDLE_LOADER = "$(BUILT_PRODUCTS_DIR)/CardGame.app/CardGame";
				FRAMEWORK_SEARCH_PATHS = (
					"$(SDKROOT)/Developer/Library/Frameworks",
					"$(inherited)",
					"$(DEVELOPER_FRAMEWORKS_DIR)",
				);
				GCC_PRECOMPILE_PREFIX_HEADER = YES;
				GCC_PREFIX_HEADER = "CardGame/CardGame-Prefix.pch";
				GCC_PREPROCESSOR_DEFINITIONS = (
					"DEBUG=1",
					"$(inherited)",
				);
				INFOPLIST_FILE = "CardGameTests/CardGameTests-Info.plist";
				PRODUCT_NAME = "$(TARGET_NAME)";
				TEST_HOST = "$(BUNDLE_LOADER)";
				WRAPPER_EXTENSION = xctest;
			};
			name = Debug;
		};
		BFA4B35219B3F6FC005CEC98 /* Release */ = {
			isa = XCBuildConfiguration;
			buildSettings = {
				BUNDLE_LOADER = "$(BUILT_PRODUCTS_DIR)/CardGame.app/CardGame";
				FRAMEWORK_SEARCH_PATHS = (
					"$(SDKROOT)/Developer/Library/Frameworks",
					"$(inherited)",
					"$(DEVELOPER_FRAMEWORKS_DIR)",
				);
				GCC_PRECOMPILE_PREFIX_HEADER = YES;
				GCC_PREFIX_HEADER = "CardGame/CardGame-Prefix.pch";
				INFOPLIST_FILE = "CardGameTests/CardGameTests-Info.plist";
				PRODUCT_NAME = "$(TARGET_NAME)";
				TEST_HOST = "$(BUNDLE_LOADER)";
				WRAPPER_EXTENSION = xctest;
			};
			name = Release;
		};
/* End XCBuildConfiguration section */

/* Begin XCConfigurationList section */
		BFA4B31319B3F6FC005CEC98 /* Build configuration list for PBXProject "CardGame" */ = {
			isa = XCConfigurationList;
			buildConfigurations = (
				BFA4B34B19B3F6FC005CEC98 /* Debug */,
				BFA4B34C19B3F6FC005CEC98 /* Release */,
			);
			defaultConfigurationIsVisible = 0;
			defaultConfigurationName = Release;
		};
		BFA4B34D19B3F6FC005CEC98 /* Build configuration list for PBXNativeTarget "CardGame" */ = {
			isa = XCConfigurationList;
			buildConfigurations = (
				BFA4B34E19B3F6FC005CEC98 /* Debug */,
				BFA4B34F19B3F6FC005CEC98 /* Release */,
			);
			defaultConfigurationIsVisible = 0;
			defaultConfigurationName = Release;
		};
		BFA4B35019B3F6FC005CEC98 /* Build configuration list for PBXNativeTarget "CardGameTests" */ = {
			isa = XCConfigurationList;
			buildConfigurations = (
				BFA4B35119B3F6FC005CEC98 /* Debug */,
				BFA4B35219B3F6FC005CEC98 /* Release */,
			);
			defaultConfigurationIsVisible = 0;
			defaultConfigurationName = Release;
		};
/* End XCConfigurationList section */
	};
	rootObject = BFA4B31019B3F6FC005CEC98 /* Project object */;
}
